
Microsoft Visual Studio Solution File, Format Version 12.00
# Visual Studio Version 17
VisualStudioVersion = 17.4.33110.190
MinimumVisualStudioVersion = 10.0.40219.1
Project("{8BC9CEB8-8B4A-11D0-8D11-00A0C91BC942}") = "MadeinWario", "MadeinWario.vcxproj", "{61E8EDA4-B6F3-4A83-904F-ED85E68217D4}"
EndProject
Global
	GlobalSection(SolutionConfigurationPlatforms) = preSolution
		Debug|x64 = Debug|x64
		Debug|x86 = Debug|x86
		Release|x64 = Release|x64
		Release|x86 = Release|x86
	EndGlobalSection
	GlobalSection(ProjectConfigurationPlatforms) = postSolution
		{61E8EDA4-B6F3-4A83-904F-ED85E68217D4}.Debug|x64.ActiveCfg = Debug|x64
		{61E8EDA4-B6F3-4A83-904F-ED85E68217D4}.Debug|x64.Build.0 = Debug|x64
		{61E8EDA4-B6F3-4A83-904F-ED85E68217D4}.Debug|x86.ActiveCfg = Debug|Win32
		{61E8EDA4-B6F3-4A83-904F-ED85E68217D4}.Debug|x86.Build.0 = Debug|Win32
		{61E8EDA4-B6F3-4A83-904F-ED85E68217D4}.Release|x64.ActiveCfg = Release|x64
		{61E8EDA4-B6F3-4A83-904F-ED85E68217D4}.Release|x64.Build.0 = Release|x64
		{61E8EDA4-B6F3-4A83-904F-ED85E68217D4}.Release|x86.ActiveCfg = Release|Win32
		{61E8EDA4-B6F3-4A83-904F-ED85E68217D4}.Release|x86.Build.0 = Release|Win32
	EndGlobalSection
	GlobalSection(SolutionProperties) = preSolution
		HideSolutionNode = FALSE
	EndGlobalSection
	GlobalSection(ExtensibilityGlobals) = postSolution
		SolutionGuid = {6B2DA0D9-CC4F-4E59-B994-CF6F40C6445F}
	EndGlobalSection
EndGlobal
